// !$*UTF8*$!
{
	archiveVersion = 1;
	classes = {
	};
	objectVersion = 56;
	objects = {

/* Begin PBXBuildFile section */
		67618ED92C8B068300BB2825 /* LocationMapAnnotationView.swift in Sources */ = {isa = PBXBuildFile; fileRef = 67618ED82C8B068300BB2825 /* LocationMapAnnotationView.swift */; };
		67842DF42C896FBD00C2DC40 /* MapApp.swift in Sources */ = {isa = PBXBuildFile; fileRef = 67842DF32C896FBD00C2DC40 /* MapApp.swift */; };
		67842DF62C896FBD00C2DC40 /* ContentView.swift in Sources */ = {isa = PBXBuildFile; fileRef = 67842DF52C896FBD00C2DC40 /* ContentView.swift */; };
		67842DFB2C896FC000C2DC40 /* Preview Assets.xcassets in Resources */ = {isa = PBXBuildFile; fileRef = 67842DFA2C896FC000C2DC40 /* Preview Assets.xcassets */; };
		67842E052C896FC000C2DC40 /* MapTests.swift in Sources */ = {isa = PBXBuildFile; fileRef = 67842E042C896FC000C2DC40 /* MapTests.swift */; };
		67842E0F2C896FC000C2DC40 /* MapUITests.swift in Sources */ = {isa = PBXBuildFile; fileRef = 67842E0E2C896FC000C2DC40 /* MapUITests.swift */; };
		67842E112C896FC000C2DC40 /* MapUITestsLaunchTests.swift in Sources */ = {isa = PBXBuildFile; fileRef = 67842E102C896FC000C2DC40 /* MapUITestsLaunchTests.swift */; };
		67842E1E2C89717300C2DC40 /* Assets.xcassets in Resources */ = {isa = PBXBuildFile; fileRef = 67842E1D2C89717300C2DC40 /* Assets.xcassets */; };
		67842E232C89735C00C2DC40 /* Location.swift in Sources */ = {isa = PBXBuildFile; fileRef = 67842E222C89735C00C2DC40 /* Location.swift */; };
		67842E262C89758700C2DC40 /* LocationsDataService.swift in Sources */ = {isa = PBXBuildFile; fileRef = 67842E252C89758700C2DC40 /* LocationsDataService.swift */; };
		67842E282C89778200C2DC40 /* LocationsView.swift in Sources */ = {isa = PBXBuildFile; fileRef = 67842E272C89778200C2DC40 /* LocationsView.swift */; };
		67842E2A2C897AE200C2DC40 /* LocationsViewModel.swift in Sources */ = {isa = PBXBuildFile; fileRef = 67842E292C897AE200C2DC40 /* LocationsViewModel.swift */; };
		67842E2C2C8AC7AE00C2DC40 /* LocationsListView.swift in Sources */ = {isa = PBXBuildFile; fileRef = 67842E2B2C8AC7AE00C2DC40 /* LocationsListView.swift */; };
		67842E2E2C8AE62E00C2DC40 /* LocationPreviewView.swift in Sources */ = {isa = PBXBuildFile; fileRef = 67842E2D2C8AE62E00C2DC40 /* LocationPreviewView.swift */; };
/* End PBXBuildFile section */

/* Begin PBXContainerItemProxy section */
		67842E012C896FC000C2DC40 /* PBXContainerItemProxy */ = {
			isa = PBXContainerItemProxy;
			containerPortal = 67842DE82C896FBD00C2DC40 /* Project object */;
			proxyType = 1;
			remoteGlobalIDString = 67842DEF2C896FBD00C2DC40;
			remoteInfo = Map;
		};
		67842E0B2C896FC000C2DC40 /* PBXContainerItemProxy */ = {
			isa = PBXContainerItemProxy;
			containerPortal = 67842DE82C896FBD00C2DC40 /* Project object */;
			proxyType = 1;
			remoteGlobalIDString = 67842DEF2C896FBD00C2DC40;
			remoteInfo = Map;
		};
/* End PBXContainerItemProxy section */

/* Begin PBXFileReference section */
		67618ED82C8B068300BB2825 /* LocationMapAnnotationView.swift */ = {isa = PBXFileReference; lastKnownFileType = sourcecode.swift; path = LocationMapAnnotationView.swift; sourceTree = "<group>"; };
		67842DF02C896FBD00C2DC40 /* Map.app */ = {isa = PBXFileReference; explicitFileType = wrapper.application; includeInIndex = 0; path = Map.app; sourceTree = BUILT_PRODUCTS_DIR; };
		67842DF32C896FBD00C2DC40 /* MapApp.swift */ = {isa = PBXFileReference; lastKnownFileType = sourcecode.swift; path = MapApp.swift; sourceTree = "<group>"; };
		67842DF52C896FBD00C2DC40 /* ContentView.swift */ = {isa = PBXFileReference; lastKnownFileType = sourcecode.swift; path = ContentView.swift; sourceTree = "<group>"; };
		67842DFA2C896FC000C2DC40 /* Preview Assets.xcassets */ = {isa = PBXFileReference; lastKnownFileType = folder.assetcatalog; path = "Preview Assets.xcassets"; sourceTree = "<group>"; };
		67842E002C896FC000C2DC40 /* MapTests.xctest */ = {isa = PBXFileReference; explicitFileType = wrapper.cfbundle; includeInIndex = 0; path = MapTests.xctest; sourceTree = BUILT_PRODUCTS_DIR; };
		67842E042C896FC000C2DC40 /* MapTests.swift */ = {isa = PBXFileReference; lastKnownFileType = sourcecode.swift; path = MapTests.swift; sourceTree = "<group>"; };
		67842E0A2C896FC000C2DC40 /* MapUITests.xctest */ = {isa = PBXFileReference; explicitFileType = wrapper.cfbundle; includeInIndex = 0; path = MapUITests.xctest; sourceTree = BUILT_PRODUCTS_DIR; };
		67842E0E2C896FC000C2DC40 /* MapUITests.swift */ = {isa = PBXFileReference; lastKnownFileType = sourcecode.swift; path = MapUITests.swift; sourceTree = "<group>"; };
		67842E102C896FC000C2DC40 /* MapUITestsLaunchTests.swift */ = {isa = PBXFileReference; lastKnownFileType = sourcecode.swift; path = MapUITestsLaunchTests.swift; sourceTree = "<group>"; };
		67842E1D2C89717300C2DC40 /* Assets.xcassets */ = {isa = PBXFileReference; lastKnownFileType = folder.assetcatalog; path = Assets.xcassets; sourceTree = "<group>"; };
		67842E222C89735C00C2DC40 /* Location.swift */ = {isa = PBXFileReference; lastKnownFileType = sourcecode.swift; path = Location.swift; sourceTree = "<group>"; };
		67842E252C89758700C2DC40 /* LocationsDataService.swift */ = {isa = PBXFileReference; fileEncoding = 4; lastKnownFileType = sourcecode.swift; path = LocationsDataService.swift; sourceTree = "<group>"; };
		67842E272C89778200C2DC40 /* LocationsView.swift */ = {isa = PBXFileReference; lastKnownFileType = sourcecode.swift; path = LocationsView.swift; sourceTree = "<group>"; };
		67842E292C897AE200C2DC40 /* LocationsViewModel.swift */ = {isa = PBXFileReference; lastKnownFileType = sourcecode.swift; path = LocationsViewModel.swift; sourceTree = "<group>"; };
		67842E2B2C8AC7AE00C2DC40 /* LocationsListView.swift */ = {isa = PBXFileReference; lastKnownFileType = sourcecode.swift; path = LocationsListView.swift; sourceTree = "<group>"; };
		67842E2D2C8AE62E00C2DC40 /* LocationPreviewView.swift */ = {isa = PBXFileReference; lastKnownFileType = sourcecode.swift; path = LocationPreviewView.swift; sourceTree = "<group>"; };
/* End PBXFileReference section */

/* Begin PBXFrameworksBuildPhase section */
		67842DED2C896FBD00C2DC40 /* Frameworks */ = {
			isa = PBXFrameworksBuildPhase;
			buildActionMask = 2147483647;
			files = (
			);
			runOnlyForDeploymentPostprocessing = 0;
		};
		67842DFD2C896FC000C2DC40 /* Frameworks */ = {
			isa = PBXFrameworksBuildPhase;
			buildActionMask = 2147483647;
			files = (
			);
			runOnlyForDeploymentPostprocessing = 0;
		};
		67842E072C896FC000C2DC40 /* Frameworks */ = {
			isa = PBXFrameworksBuildPhase;
			buildActionMask = 2147483647;
			files = (
			);
			runOnlyForDeploymentPostprocessing = 0;
		};
/* End PBXFrameworksBuildPhase section */

/* Begin PBXGroup section */
		67842DE72C896FBD00C2DC40 = {
			isa = PBXGroup;
			children = (
				67842DF22C896FBD00C2DC40 /* Map */,
				67842E032C896FC000C2DC40 /* MapTests */,
				67842E0D2C896FC000C2DC40 /* MapUITests */,
				67842DF12C896FBD00C2DC40 /* Products */,
			);
			sourceTree = "<group>";
		};
		67842DF12C896FBD00C2DC40 /* Products */ = {
			isa = PBXGroup;
			children = (
				67842DF02C896FBD00C2DC40 /* Map.app */,
				67842E002C896FC000C2DC40 /* MapTests.xctest */,
				67842E0A2C896FC000C2DC40 /* MapUITests.xctest */,
			);
			name = Products;
			sourceTree = "<group>";
		};
		67842DF22C896FBD00C2DC40 /* Map */ = {
			isa = PBXGroup;
			children = (
				67842DF32C896FBD00C2DC40 /* MapApp.swift */,
				67842DF52C896FBD00C2DC40 /* ContentView.swift */,
				67842E242C89753C00C2DC40 /* DataServices */,
				67842E212C89731200C2DC40 /* ViewModels */,
				67842E202C89730400C2DC40 /* Views */,
				67842E1F2C8972ED00C2DC40 /* Models */,
				67842E1D2C89717300C2DC40 /* Assets.xcassets */,
				67842DF92C896FC000C2DC40 /* Preview Content */,
			);
			path = Map;
			sourceTree = "<group>";
		};
		67842DF92C896FC000C2DC40 /* Preview Content */ = {
			isa = PBXGroup;
			children = (
				67842DFA2C896FC000C2DC40 /* Preview Assets.xcassets */,
			);
			path = "Preview Content";
			sourceTree = "<group>";
		};
		67842E032C896FC000C2DC40 /* MapTests */ = {
			isa = PBXGroup;
			children = (
				67842E042C896FC000C2DC40 /* MapTests.swift */,
			);
			path = MapTests;
			sourceTree = "<group>";
		};
		67842E0D2C896FC000C2DC40 /* MapUITests */ = {
			isa = PBXGroup;
			children = (
				67842E0E2C896FC000C2DC40 /* MapUITests.swift */,
				67842E102C896FC000C2DC40 /* MapUITestsLaunchTests.swift */,
			);
			path = MapUITests;
			sourceTree = "<group>";
		};
		67842E1F2C8972ED00C2DC40 /* Models */ = {
			isa = PBXGroup;
			children = (
				67842E222C89735C00C2DC40 /* Location.swift */,
			);
			path = Models;
			sourceTree = "<group>";
		};
		67842E202C89730400C2DC40 /* Views */ = {
			isa = PBXGroup;
			children = (
				67842E272C89778200C2DC40 /* LocationsView.swift */,
				67842E2B2C8AC7AE00C2DC40 /* LocationsListView.swift */,
				67842E2D2C8AE62E00C2DC40 /* LocationPreviewView.swift */,
				67618ED82C8B068300BB2825 /* LocationMapAnnotationView.swift */,
			);
			path = Views;
			sourceTree = "<group>";
		};
		67842E212C89731200C2DC40 /* ViewModels */ = {
			isa = PBXGroup;
			children = (
				67842E292C897AE200C2DC40 /* LocationsViewModel.swift */,
			);
			path = ViewModels;
			sourceTree = "<group>";
		};
		67842E242C89753C00C2DC40 /* DataServices */ = {
			isa = PBXGroup;
			children = (
				67842E252C89758700C2DC40 /* LocationsDataService.swift */,
			);
			path = DataServices;
			sourceTree = "<group>";
		};
/* End PBXGroup section */

/* Begin PBXNativeTarget section */
		67842DEF2C896FBD00C2DC40 /* Map */ = {
			isa = PBXNativeTarget;
			buildConfigurationList = 67842E142C896FC000C2DC40 /* Build configuration list for PBXNativeTarget "Map" */;
			buildPhases = (
				67842DEC2C896FBD00C2DC40 /* Sources */,
				67842DED2C896FBD00C2DC40 /* Frameworks */,
				67842DEE2C896FBD00C2DC40 /* Resources */,
			);
			buildRules = (
			);
			dependencies = (
			);
			name = Map;
			productName = Map;
			productReference = 67842DF02C896FBD00C2DC40 /* Map.app */;
			productType = "com.apple.product-type.application";
		};
		67842DFF2C896FC000C2DC40 /* MapTests */ = {
			isa = PBXNativeTarget;
			buildConfigurationList = 67842E172C896FC000C2DC40 /* Build configuration list for PBXNativeTarget "MapTests" */;
			buildPhases = (
				67842DFC2C896FC000C2DC40 /* Sources */,
				67842DFD2C896FC000C2DC40 /* Frameworks */,
				67842DFE2C896FC000C2DC40 /* Resources */,
			);
			buildRules = (
			);
			dependencies = (
				67842E022C896FC000C2DC40 /* PBXTargetDependency */,
			);
			name = MapTests;
			productName = MapTests;
			productReference = 67842E002C896FC000C2DC40 /* MapTests.xctest */;
			productType = "com.apple.product-type.bundle.unit-test";
		};
		67842E092C896FC000C2DC40 /* MapUITests */ = {
			isa = PBXNativeTarget;
			buildConfigurationList = 67842E1A2C896FC000C2DC40 /* Build configuration list for PBXNativeTarget "MapUITests" */;
			buildPhases = (
				67842E062C896FC000C2DC40 /* Sources */,
				67842E072C896FC000C2DC40 /* Frameworks */,
				67842E082C896FC000C2DC40 /* Resources */,
			);
			buildRules = (
			);
			dependencies = (
				67842E0C2C896FC000C2DC40 /* PBXTargetDependency */,
			);
			name = MapUITests;
			productName = MapUITests;
			productReference = 67842E0A2C896FC000C2DC40 /* MapUITests.xctest */;
			productType = "com.apple.product-type.bundle.ui-testing";
		};
/* End PBXNativeTarget section */

/* Begin PBXProject section */
		67842DE82C896FBD00C2DC40 /* Project object */ = {
			isa = PBXProject;
			attributes = {
				BuildIndependentTargetsInParallel = 1;
				LastSwiftUpdateCheck = 1540;
				LastUpgradeCheck = 1540;
				TargetAttributes = {
					67842DEF2C896FBD00C2DC40 = {
						CreatedOnToolsVersion = 15.4;
					};
					67842DFF2C896FC000C2DC40 = {
						CreatedOnToolsVersion = 15.4;
						TestTargetID = 67842DEF2C896FBD00C2DC40;
					};
					67842E092C896FC000C2DC40 = {
						CreatedOnToolsVersion = 15.4;
						TestTargetID = 67842DEF2C896FBD00C2DC40;
					};
				};
			};
			buildConfigurationList = 67842DEB2C896FBD00C2DC40 /* Build configuration list for PBXProject "Map" */;
			compatibilityVersion = "Xcode 14.0";
			developmentRegion = en;
			hasScannedForEncodings = 0;
			knownRegions = (
				en,
				Base,
			);
			mainGroup = 67842DE72C896FBD00C2DC40;
			productRefGroup = 67842DF12C896FBD00C2DC40 /* Products */;
			projectDirPath = "";
			projectRoot = "";
			targets = (
				67842DEF2C896FBD00C2DC40 /* Map */,
				67842DFF2C896FC000C2DC40 /* MapTests */,
				67842E092C896FC000C2DC40 /* MapUITests */,
			);
		};
/* End PBXProject section */

/* Begin PBXResourcesBuildPhase section */
		67842DEE2C896FBD00C2DC40 /* Resources */ = {
			isa = PBXResourcesBuildPhase;
			buildActionMask = 2147483647;
			files = (
				67842E1E2C89717300C2DC40 /* Assets.xcassets in Resources */,
				67842DFB2C896FC000C2DC40 /* Preview Assets.xcassets in Resources */,
			);
			runOnlyForDeploymentPostprocessing = 0;
		};
		67842DFE2C896FC000C2DC40 /* Resources */ = {
			isa = PBXResourcesBuildPhase;
			buildActionMask = 2147483647;
			files = (
			);
			runOnlyForDeploymentPostprocessing = 0;
		};
		67842E082C896FC000C2DC40 /* Resources */ = {
			isa = PBXResourcesBuildPhase;
			buildActionMask = 2147483647;
			files = (
			);
			runOnlyForDeploymentPostprocessing = 0;
		};
/* End PBXResourcesBuildPhase section */

/* Begin PBXSourcesBuildPhase section */
		67842DEC2C896FBD00C2DC40 /* Sources */ = {
			isa = PBXSourcesBuildPhase;
			buildActionMask = 2147483647;
			files = (
				67842E262C89758700C2DC40 /* LocationsDataService.swift in Sources */,
				67842E2C2C8AC7AE00C2DC40 /* LocationsListView.swift in Sources */,
				67842E2E2C8AE62E00C2DC40 /* LocationPreviewView.swift in Sources */,
				67842E2A2C897AE200C2DC40 /* LocationsViewModel.swift in Sources */,
				67618ED92C8B068300BB2825 /* LocationMapAnnotationView.swift in Sources */,
				67842DF62C896FBD00C2DC40 /* ContentView.swift in Sources */,
				67842E282C89778200C2DC40 /* LocationsView.swift in Sources */,
				67842E232C89735C00C2DC40 /* Location.swift in Sources */,
				67842DF42C896FBD00C2DC40 /* MapApp.swift in Sources */,
			);
			runOnlyForDeploymentPostprocessing = 0;
		};
		67842DFC2C896FC000C2DC40 /* Sources */ = {
			isa = PBXSourcesBuildPhase;
			buildActionMask = 2147483647;
			files = (
				67842E052C896FC000C2DC40 /* MapTests.swift in Sources */,
			);
			runOnlyForDeploymentPostprocessing = 0;
		};
		67842E062C896FC000C2DC40 /* Sources */ = {
			isa = PBXSourcesBuildPhase;
			buildActionMask = 2147483647;
			files = (
				67842E0F2C896FC000C2DC40 /* MapUITests.swift in Sources */,
				67842E112C896FC000C2DC40 /* MapUITestsLaunchTests.swift in Sources */,
			);
			runOnlyForDeploymentPostprocessing = 0;
		};
/* End PBXSourcesBuildPhase section */

/* Begin PBXTargetDependency section */
		67842E022C896FC000C2DC40 /* PBXTargetDependency */ = {
			isa = PBXTargetDependency;
			target = 67842DEF2C896FBD00C2DC40 /* Map */;
			targetProxy = 67842E012C896FC000C2DC40 /* PBXContainerItemProxy */;
		};
		67842E0C2C896FC000C2DC40 /* PBXTargetDependency */ = {
			isa = PBXTargetDependency;
			target = 67842DEF2C896FBD00C2DC40 /* Map */;
			targetProxy = 67842E0B2C896FC000C2DC40 /* PBXContainerItemProxy */;
		};
/* End PBXTargetDependency section */

/* Begin XCBuildConfiguration section */
		67842E122C896FC000C2DC40 /* Debug */ = {
			isa = XCBuildConfiguration;
			buildSettings = {
				ALWAYS_SEARCH_USER_PATHS = NO;
				ASSETCATALOG_COMPILER_GENERATE_SWIFT_ASSET_SYMBOL_EXTENSIONS = YES;
				CLANG_ANALYZER_NONNULL = YES;
				CLANG_ANALYZER_NUMBER_OBJECT_CONVERSION = YES_AGGRESSIVE;
				CLANG_CXX_LANGUAGE_STANDARD = "gnu++20";
				CLANG_ENABLE_MODULES = YES;
				CLANG_ENABLE_OBJC_ARC = YES;
				CLANG_ENABLE_OBJC_WEAK = YES;
				CLANG_WARN_BLOCK_CAPTURE_AUTORELEASING = YES;
				CLANG_WARN_BOOL_CONVERSION = YES;
				CLANG_WARN_COMMA = YES;
				CLANG_WARN_CONSTANT_CONVERSION = YES;
				CLANG_WARN_DEPRECATED_OBJC_IMPLEMENTATIONS = YES;
				CLANG_WARN_DIRECT_OBJC_ISA_USAGE = YES_ERROR;
				CLANG_WARN_DOCUMENTATION_COMMENTS = YES;
				CLANG_WARN_EMPTY_BODY = YES;
				CLANG_WARN_ENUM_CONVERSION = YES;
				CLANG_WARN_INFINITE_RECURSION = YES;
				CLANG_WARN_INT_CONVERSION = YES;
				CLANG_WARN_NON_LITERAL_NULL_CONVERSION = YES;
				CLANG_WARN_OBJC_IMPLICIT_RETAIN_SELF = YES;
				CLANG_WARN_OBJC_LITERAL_CONVERSION = YES;
				CLANG_WARN_OBJC_ROOT_CLASS = YES_ERROR;
				CLANG_WARN_QUOTED_INCLUDE_IN_FRAMEWORK_HEADER = YES;
				CLANG_WARN_RANGE_LOOP_ANALYSIS = YES;
				CLANG_WARN_STRICT_PROTOTYPES = YES;
				CLANG_WARN_SUSPICIOUS_MOVE = YES;
				CLANG_WARN_UNGUARDED_AVAILABILITY = YES_AGGRESSIVE;
				CLANG_WARN_UNREACHABLE_CODE = YES;
				CLANG_WARN__DUPLICATE_METHOD_MATCH = YES;
				COPY_PHASE_STRIP = NO;
				DEBUG_INFORMATION_FORMAT = dwarf;
				ENABLE_STRICT_OBJC_MSGSEND = YES;
				ENABLE_TESTABILITY = YES;
				ENABLE_USER_SCRIPT_SANDBOXING = YES;
				GCC_C_LANGUAGE_STANDARD = gnu17;
				GCC_DYNAMIC_NO_PIC = NO;
				GCC_NO_COMMON_BLOCKS = YES;
				GCC_OPTIMIZATION_LEVEL = 0;
				GCC_PREPROCESSOR_DEFINITIONS = (
					"DEBUG=1",
					"$(inherited)",
				);
				GCC_WARN_64_TO_32_BIT_CONVERSION = YES;
				GCC_WARN_ABOUT_RETURN_TYPE = YES_ERROR;
				GCC_WARN_UNDECLARED_SELECTOR = YES;
				GCC_WARN_UNINITIALIZED_AUTOS = YES_AGGRESSIVE;
				GCC_WARN_UNUSED_FUNCTION = YES;
				GCC_WARN_UNUSED_VARIABLE = YES;
				IPHONEOS_DEPLOYMENT_TARGET = 17.5;
				LOCALIZATION_PREFERS_STRING_CATALOGS = YES;
				MTL_ENABLE_DEBUG_INFO = INCLUDE_SOURCE;
				MTL_FAST_MATH = YES;
				ONLY_ACTIVE_ARCH = YES;
				SDKROOT = iphoneos;
				SWIFT_ACTIVE_COMPILATION_CONDITIONS = "DEBUG $(inherited)";
				SWIFT_OPTIMIZATION_LEVEL = "-Onone";
			};
			name = Debug;
		};
		67842E132C896FC000C2DC40 /* Release */ = {
			isa = XCBuildConfiguration;
			buildSettings = {
				ALWAYS_SEARCH_USER_PATHS = NO;
				ASSETCATALOG_COMPILER_GENERATE_SWIFT_ASSET_SYMBOL_EXTENSIONS = YES;
				CLANG_ANALYZER_NONNULL = YES;
				CLANG_ANALYZER_NUMBER_OBJECT_CONVERSION = YES_AGGRESSIVE;
				CLANG_CXX_LANGUAGE_STANDARD = "gnu++20";
				CLANG_ENABLE_MODULES = YES;
				CLANG_ENABLE_OBJC_ARC = YES;
				CLANG_ENABLE_OBJC_WEAK = YES;
				CLANG_WARN_BLOCK_CAPTURE_AUTORELEASING = YES;
				CLANG_WARN_BOOL_CONVERSION = YES;
				CLANG_WARN_COMMA = YES;
				CLANG_WARN_CONSTANT_CONVERSION = YES;
				CLANG_WARN_DEPRECATED_OBJC_IMPLEMENTATIONS = YES;
				CLANG_WARN_DIRECT_OBJC_ISA_USAGE = YES_ERROR;
				CLANG_WARN_DOCUMENTATION_COMMENTS = YES;
				CLANG_WARN_EMPTY_BODY = YES;
				CLANG_WARN_ENUM_CONVERSION = YES;
				CLANG_WARN_INFINITE_RECURSION = YES;
				CLANG_WARN_INT_CONVERSION = YES;
				CLANG_WARN_NON_LITERAL_NULL_CONVERSION = YES;
				CLANG_WARN_OBJC_IMPLICIT_RETAIN_SELF = YES;
				CLANG_WARN_OBJC_LITERAL_CONVERSION = YES;
				CLANG_WARN_OBJC_ROOT_CLASS = YES_ERROR;
				CLANG_WARN_QUOTED_INCLUDE_IN_FRAMEWORK_HEADER = YES;
				CLANG_WARN_RANGE_LOOP_ANALYSIS = YES;
				CLANG_WARN_STRICT_PROTOTYPES = YES;
				CLANG_WARN_SUSPICIOUS_MOVE = YES;
				CLANG_WARN_UNGUARDED_AVAILABILITY = YES_AGGRESSIVE;
				CLANG_WARN_UNREACHABLE_CODE = YES;
				CLANG_WARN__DUPLICATE_METHOD_MATCH = YES;
				COPY_PHASE_STRIP = NO;
				DEBUG_INFORMATION_FORMAT = "dwarf-with-dsym";
				ENABLE_NS_ASSERTIONS = NO;
				ENABLE_STRICT_OBJC_MSGSEND = YES;
				ENABLE_USER_SCRIPT_SANDBOXING = YES;
				GCC_C_LANGUAGE_STANDARD = gnu17;
				GCC_NO_COMMON_BLOCKS = YES;
				GCC_WARN_64_TO_32_BIT_CONVERSION = YES;
				GCC_WARN_ABOUT_RETURN_TYPE = YES_ERROR;
				GCC_WARN_UNDECLARED_SELECTOR = YES;
				GCC_WARN_UNINITIALIZED_AUTOS = YES_AGGRESSIVE;
				GCC_WARN_UNUSED_FUNCTION = YES;
				GCC_WARN_UNUSED_VARIABLE = YES;
				IPHONEOS_DEPLOYMENT_TARGET = 17.5;
				LOCALIZATION_PREFERS_STRING_CATALOGS = YES;
				MTL_ENABLE_DEBUG_INFO = NO;
				MTL_FAST_MATH = YES;
				SDKROOT = iphoneos;
				SWIFT_COMPILATION_MODE = wholemodule;
				VALIDATE_PRODUCT = YES;
			};
			name = Release;
		};
		67842E152C896FC000C2DC40 /* Debug */ = {
			isa = XCBuildConfiguration;
			buildSettings = {
				ASSETCATALOG_COMPILER_APPICON_NAME = AppIcon;
				ASSETCATALOG_COMPILER_GLOBAL_ACCENT_COLOR_NAME = AccentColor;
				CODE_SIGN_STYLE = Automatic;
				CURRENT_PROJECT_VERSION = 1;
				DEVELOPMENT_ASSET_PATHS = "\"Map/Preview Content\"";
				DEVELOPMENT_TEAM = U84KVP7AF4;
				ENABLE_PREVIEWS = YES;
				GENERATE_INFOPLIST_FILE = YES;
				INFOPLIST_KEY_UIApplicationSceneManifest_Generation = YES;
				INFOPLIST_KEY_UIApplicationSupportsIndirectInputEvents = YES;
				INFOPLIST_KEY_UILaunchScreen_Generation = YES;
				INFOPLIST_KEY_UISupportedInterfaceOrientations_iPad = "UIInterfaceOrientationPortrait UIInterfaceOrientationPortraitUpsideDown UIInterfaceOrientationLandscapeLeft UIInterfaceOrientationLandscapeRight";
				INFOPLIST_KEY_UISupportedInterfaceOrientations_iPhone = "UIInterfaceOrientationPortrait UIInterfaceOrientationLandscapeLeft UIInterfaceOrientationLandscapeRight";
				LD_RUNPATH_SEARCH_PATHS = (
					"$(inherited)",
					"@executable_path/Frameworks",
				);
				MARKETING_VERSION = 1.0;
				PRODUCT_BUNDLE_IDENTIFIER = Map.Map;
				PRODUCT_NAME = "$(TARGET_NAME)";
				SWIFT_EMIT_LOC_STRINGS = YES;
				SWIFT_VERSION = 5.0;
				TARGETED_DEVICE_FAMILY = "1,2";
			};
			name = Debug;
		};
		67842E162C896FC000C2DC40 /* Release */ = {
			isa = XCBuildConfiguration;
			buildSettings = {
				ASSETCATALOG_COMPILER_APPICON_NAME = AppIcon;
				ASSETCATALOG_COMPILER_GLOBAL_ACCENT_COLOR_NAME = AccentColor;
				CODE_SIGN_STYLE = Automatic;
				CURRENT_PROJECT_VERSION = 1;
				DEVELOPMENT_ASSET_PATHS = "\"Map/Preview Content\"";
				DEVELOPMENT_TEAM = U84KVP7AF4;
				ENABLE_PREVIEWS = YES;
				GENERATE_INFOPLIST_FILE = YES;
				INFOPLIST_KEY_UIApplicationSceneManifest_Generation = YES;
				INFOPLIST_KEY_UIApplicationSupportsIndirectInputEvents = YES;
				INFOPLIST_KEY_UILaunchScreen_Generation = YES;
				INFOPLIST_KEY_UISupportedInterfaceOrientations_iPad = "UIInterfaceOrientationPortrait UIInterfaceOrientationPortraitUpsideDown UIInterfaceOrientationLandscapeLeft UIInterfaceOrientationLandscapeRight";
				INFOPLIST_KEY_UISupportedInterfaceOrientations_iPhone = "UIInterfaceOrientationPortrait UIInterfaceOrientationLandscapeLeft UIInterfaceOrientationLandscapeRight";
				LD_RUNPATH_SEARCH_PATHS = (
					"$(inherited)",
					"@executable_path/Frameworks",
				);
				MARKETING_VERSION = 1.0;
				PRODUCT_BUNDLE_IDENTIFIER = Map.Map;
				PRODUCT_NAME = "$(TARGET_NAME)";
				SWIFT_EMIT_LOC_STRINGS = YES;
				SWIFT_VERSION = 5.0;
				TARGETED_DEVICE_FAMILY = "1,2";
			};
			name = Release;
		};
		67842E182C896FC000C2DC40 /* Debug */ = {
			isa = XCBuildConfiguration;
			buildSettings = {
				ALWAYS_EMBED_SWIFT_STANDARD_LIBRARIES = YES;
				BUNDLE_LOADER = "$(TEST_HOST)";
				CODE_SIGN_STYLE = Automatic;
				CURRENT_PROJECT_VERSION = 1;
				DEVELOPMENT_TEAM = U84KVP7AF4;
				GENERATE_INFOPLIST_FILE = YES;
				IPHONEOS_DEPLOYMENT_TARGET = 17.5;
				MARKETING_VERSION = 1.0;
				PRODUCT_BUNDLE_IDENTIFIER = Map.MapTests;
				PRODUCT_NAME = "$(TARGET_NAME)";
				SWIFT_EMIT_LOC_STRINGS = NO;
				SWIFT_VERSION = 5.0;
				TARGETED_DEVICE_FAMILY = "1,2";
				TEST_HOST = "$(BUILT_PRODUCTS_DIR)/Map.app/$(BUNDLE_EXECUTABLE_FOLDER_PATH)/Map";
			};
			name = Debug;
		};
		67842E192C896FC000C2DC40 /* Release */ = {
			isa = XCBuildConfiguration;
			buildSettings = {
				ALWAYS_EMBED_SWIFT_STANDARD_LIBRARIES = YES;
				BUNDLE_LOADER = "$(TEST_HOST)";
				CODE_SIGN_STYLE = Automatic;
				CURRENT_PROJECT_VERSION = 1;
				DEVELOPMENT_TEAM = U84KVP7AF4;
				GENERATE_INFOPLIST_FILE = YES;
				IPHONEOS_DEPLOYMENT_TARGET = 17.5;
				MARKETING_VERSION = 1.0;
				PRODUCT_BUNDLE_IDENTIFIER = Map.MapTests;
				PRODUCT_NAME = "$(TARGET_NAME)";
				SWIFT_EMIT_LOC_STRINGS = NO;
				SWIFT_VERSION = 5.0;
				TARGETED_DEVICE_FAMILY = "1,2";
				TEST_HOST = "$(BUILT_PRODUCTS_DIR)/Map.app/$(BUNDLE_EXECUTABLE_FOLDER_PATH)/Map";
			};
			name = Release;
		};
		67842E1B2C896FC000C2DC40 /* Debug */ = {
			isa = XCBuildConfiguration;
			buildSettings = {
				ALWAYS_EMBED_SWIFT_STANDARD_LIBRARIES = YES;
				CODE_SIGN_STYLE = Automatic;
				CURRENT_PROJECT_VERSION = 1;
				DEVELOPMENT_TEAM = U84KVP7AF4;
				GENERATE_INFOPLIST_FILE = YES;
				MARKETING_VERSION = 1.0;
				PRODUCT_BUNDLE_IDENTIFIER = Map.MapUITests;
				PRODUCT_NAME = "$(TARGET_NAME)";
				SWIFT_EMIT_LOC_STRINGS = NO;
				SWIFT_VERSION = 5.0;
				TARGETED_DEVICE_FAMILY = "1,2";
				TEST_TARGET_NAME = Map;
			};
			name = Debug;
		};
		67842E1C2C896FC000C2DC40 /* Release */ = {
			isa = XCBuildConfiguration;
			buildSettings = {
				ALWAYS_EMBED_SWIFT_STANDARD_LIBRARIES = YES;
				CODE_SIGN_STYLE = Automatic;
				CURRENT_PROJECT_VERSION = 1;
				DEVELOPMENT_TEAM = U84KVP7AF4;
				GENERATE_INFOPLIST_FILE = YES;
				MARKETING_VERSION = 1.0;
				PRODUCT_BUNDLE_IDENTIFIER = Map.MapUITests;
				PRODUCT_NAME = "$(TARGET_NAME)";
				SWIFT_EMIT_LOC_STRINGS = NO;
				SWIFT_VERSION = 5.0;
				TARGETED_DEVICE_FAMILY = "1,2";
				TEST_TARGET_NAME = Map;
			};
			name = Release;
		};
/* End XCBuildConfiguration section */

/* Begin XCConfigurationList section */
		67842DEB2C896FBD00C2DC40 /* Build configuration list for PBXProject "Map" */ = {
			isa = XCConfigurationList;
			buildConfigurations = (
				67842E122C896FC000C2DC40 /* Debug */,
				67842E132C896FC000C2DC40 /* Release */,
			);
			defaultConfigurationIsVisible = 0;
			defaultConfigurationName = Release;
		};
		67842E142C896FC000C2DC40 /* Build configuration list for PBXNativeTarget "Map" */ = {
			isa = XCConfigurationList;
			buildConfigurations = (
				67842E152C896FC000C2DC40 /* Debug */,
				67842E162C896FC000C2DC40 /* Release */,
			);
			defaultConfigurationIsVisible = 0;
			defaultConfigurationName = Release;
		};
		67842E172C896FC000C2DC40 /* Build configuration list for PBXNativeTarget "MapTests" */ = {
			isa = XCConfigurationList;
			buildConfigurations = (
				67842E182C896FC000C2DC40 /* Debug */,
				67842E192C896FC000C2DC40 /* Release */,
			);
			defaultConfigurationIsVisible = 0;
			defaultConfigurationName = Release;
		};
		67842E1A2C896FC000C2DC40 /* Build configuration list for PBXNativeTarget "MapUITests" */ = {
			isa = XCConfigurationList;
			buildConfigurations = (
				67842E1B2C896FC000C2DC40 /* Debug */,
				67842E1C2C896FC000C2DC40 /* Release */,
			);
			defaultConfigurationIsVisible = 0;
			defaultConfigurationName = Release;
		};
/* End XCConfigurationList section */
	};
	rootObject = 67842DE82C896FBD00C2DC40 /* Project object */;
}
